
Microsoft Visual Studio Solution File, Format Version 12.00
# Visual Studio Version 17
VisualStudioVersion = 17.9.34902.65
MinimumVisualStudioVersion = 10.0.40219.1
Project("{FAE04EC0-301F-11D3-BF4B-00C04F79EFBC}") = "invoice_issuer", "invoice_issuer\invoice_issuer.csproj", "{C57D3A0C-603C-4E66-9568-9D09F7093609}"
EndProject
Global
	GlobalSection(SolutionConfigurationPlatforms) = preSolution
		Debug|Any CPU = Debug|Any CPU
		Release|Any CPU = Release|Any CPU
	EndGlobalSection
	GlobalSection(ProjectConfigurationPlatforms) = postSolution
		{C57D3A0C-603C-4E66-9568-9D09F7093609}.Debug|Any CPU.ActiveCfg = Debug|Any CPU
		{C57D3A0C-603C-4E66-9568-9D09F7093609}.Debug|Any CPU.Build.0 = Debug|Any CPU
		{C57D3A0C-603C-4E66-9568-9D09F7093609}.Release|Any CPU.ActiveCfg = Release|Any CPU
		{C57D3A0C-603C-4E66-9568-9D09F7093609}.Release|Any CPU.Build.0 = Release|Any CPU
	EndGlobalSection
	GlobalSection(SolutionProperties) = preSolution
		HideSolutionNode = FALSE
	EndGlobalSection
	GlobalSection(ExtensibilityGlobals) = postSolution
		SolutionGuid = {073550A7-D1CE-4A05-A9A6-A5BEBAAD5F94}
	EndGlobalSection
EndGlobal
